{
    "name": "@kayahr/oxlint-config",
    "version": "1.12.0",
    "lockfileVersion": 3,
    "requires": true,
    "packages": {
        "": {
            "name": "@kayahr/oxlint-config",
            "version": "1.12.0",
            "license": "MIT",
            "dependencies": {
                "oxlint": "^1.25.0",
                "oxlint-tsgolint": "^0.5.0"
            },
            "devDependencies": {
                "@kayahr/cspell": "9.2.2-bundle.1",
                "@kayahr/npm-utils": "1.1.1",
                "@types/node": "24.10.0",
                "typescript": "5.9.3"
            },
            "funding": {
                "url": "https://github.com/kayahr/oxlint-config?sponsor=1"
            }
        },
        "node_modules/@kayahr/cspell": {
            "version": "9.2.2-bundle.1",
            "resolved": "https://registry.npmjs.org/@kayahr/cspell/-/cspell-9.2.2-bundle.1.tgz",
            "integrity": "sha512-FaM6FegFA2mGnxF+1bXhE12Iy7wLX25jacokka3jqDEwY5deWhJWF/qK7SFu8pMXTewVvhOmRK2xejALQAbgQw==",
            "dev": true,
            "license": "MIT",
            "bin": {
                "cspell": "lib/cspell.js"
            },
            "funding": {
                "url": "https://github.com/kayahr/cspell?sponsor=1"
            }
        },
        "node_modules/@kayahr/npm-utils": {
            "version": "1.1.1",
            "resolved": "https://registry.npmjs.org/@kayahr/npm-utils/-/npm-utils-1.1.1.tgz",
            "integrity": "sha512-7cSe8zhgYsMcolrlmRGpAXO/FkpaIl6fEsdgXKt2OA1ozxByjdPSrjFDMsI3zOaPM0wWulYmlIKhFKVzlW0z4g==",
            "dev": true,
            "license": "MIT",
            "bin": {
                "cp": "lib/main/cp.js",
                "rm": "lib/main/rm.js",
                "run": "lib/main/run.js"
            },
            "engines": {
                "node": ">=22.18.0"
            },
            "funding": {
                "url": "https://github.com/kayahr/npm-utils?sponsor=1"
            }
        },
        "node_modules/@oxlint-tsgolint/darwin-arm64": {
            "version": "0.5.0",
            "resolved": "https://registry.npmjs.org/@oxlint-tsgolint/darwin-arm64/-/darwin-arm64-0.5.0.tgz",
            "integrity": "sha512-OjNuyBRlxqUgcvlc51Ab38tjRWN+gBSV6Z2004hgfbt6w7RoX6ITA6v3KYQzovCfa4Ne8l+XbhVf9y9PtLipgQ==",
            "cpu": [
                "arm64"
            ],
            "license": "MIT",
            "optional": true,
            "os": [
                "darwin"
            ]
        },
        "node_modules/@oxlint-tsgolint/darwin-x64": {
            "version": "0.5.0",
            "resolved": "https://registry.npmjs.org/@oxlint-tsgolint/darwin-x64/-/darwin-x64-0.5.0.tgz",
            "integrity": "sha512-KiKVKe8dd52O1vfnrE4ffyv/bJDG7RtkZiv5/lrMV0r9USL/VKN80qNtYgdzaf64WOUegAgRdWs++DZXGjYGbA==",
            "cpu": [
                "x64"
            ],
            "license": "MIT",
            "optional": true,
            "os": [
                "darwin"
            ]
        },
        "node_modules/@oxlint-tsgolint/linux-arm64": {
            "version": "0.5.0",
            "resolved": "https://registry.npmjs.org/@oxlint-tsgolint/linux-arm64/-/linux-arm64-0.5.0.tgz",
            "integrity": "sha512-10Rd1GVW+Z8pd9zxpWBtRt8ur3pUXZf05iDw3Py9VyPYYpkupXLhAS0T42HLz62qHSmh79XKfDFvMOQqjVzTxQ==",
            "cpu": [
                "arm64"
            ],
            "license": "MIT",
            "optional": true,
            "os": [
                "linux"
            ]
        },
        "node_modules/@oxlint-tsgolint/linux-x64": {
            "version": "0.5.0",
            "resolved": "https://registry.npmjs.org/@oxlint-tsgolint/linux-x64/-/linux-x64-0.5.0.tgz",
            "integrity": "sha512-bj4YUqn7M3vLWELwQ9Y0mrdiV9Elvj/oVCs7meperiIV5FHM29of74ePupKzWp645iJB+gj7jA/OlhCvT4Exug==",
            "cpu": [
                "x64"
            ],
            "license": "MIT",
            "optional": true,
            "os": [
                "linux"
            ]
        },
        "node_modules/@oxlint-tsgolint/win32-arm64": {
            "version": "0.5.0",
            "resolved": "https://registry.npmjs.org/@oxlint-tsgolint/win32-arm64/-/win32-arm64-0.5.0.tgz",
            "integrity": "sha512-SqNClNZjFFQlnLFmzjKxTuEEJOCT0v7aamkaxtG4ek5uBRUKuN8sAwWesS06yQ3t5JMg0vPLB2fs9xJcM+VdmQ==",
            "cpu": [
                "arm64"
            ],
            "license": "MIT",
            "optional": true,
            "os": [
                "win32"
            ]
        },
        "node_modules/@oxlint-tsgolint/win32-x64": {
            "version": "0.5.0",
            "resolved": "https://registry.npmjs.org/@oxlint-tsgolint/win32-x64/-/win32-x64-0.5.0.tgz",
            "integrity": "sha512-pEsrzV6VM3Eo41AQavoLzNLE1nMWYNtHYUPkzBzkUZMinklWDsdLpRDYX2fw58W7mEyY0NR6T9a+Hn/qI8/aaQ==",
            "cpu": [
                "x64"
            ],
            "license": "MIT",
            "optional": true,
            "os": [
                "win32"
            ]
        },
        "node_modules/@oxlint/darwin-arm64": {
            "version": "1.29.0",
            "resolved": "https://registry.npmjs.org/@oxlint/darwin-arm64/-/darwin-arm64-1.29.0.tgz",
            "integrity": "sha512-XYsieDAI0kXJyvayHnmOW1qVydqklRRVT4O5eZmO/rdNCku5CoXsZvBvkPc3U8/9V1mRuen1sxbM9T5JsZqhdA==",
            "cpu": [
                "arm64"
            ],
            "license": "MIT",
            "optional": true,
            "os": [
                "darwin"
            ]
        },
        "node_modules/@oxlint/darwin-x64": {
            "version": "1.29.0",
            "resolved": "https://registry.npmjs.org/@oxlint/darwin-x64/-/darwin-x64-1.29.0.tgz",
            "integrity": "sha512-s+Ch5/4zDJ6wsOk95xY3BS5mtE2JzHLz7gVZ9OWA9EvhVO84wz2YbDp2JaA314yyqhlX5SAkZ6fj3BRMIcQIqg==",
            "cpu": [
                "x64"
            ],
            "license": "MIT",
            "optional": true,
            "os": [
                "darwin"
            ]
        },
        "node_modules/@oxlint/linux-arm64-gnu": {
            "version": "1.29.0",
            "resolved": "https://registry.npmjs.org/@oxlint/linux-arm64-gnu/-/linux-arm64-gnu-1.29.0.tgz",
            "integrity": "sha512-qLCgdUkDBG8muK1o3mPgf31rvCPzj1Xff9DHlJjfv+B0ee/hJ2LAoK8EIsQedfQuuiAccOe9GG65BivGCTgKOg==",
            "cpu": [
                "arm64"
            ],
            "license": "MIT",
            "optional": true,
            "os": [
                "linux"
            ]
        },
        "node_modules/@oxlint/linux-arm64-musl": {
            "version": "1.29.0",
            "resolved": "https://registry.npmjs.org/@oxlint/linux-arm64-musl/-/linux-arm64-musl-1.29.0.tgz",
            "integrity": "sha512-qe62yb1fyW51wo1VBpx9AJJ1Ih1T8NYDeR9AmpNGkrmKN8u3pPbcGXM4mCrOwpwJUG9M/oFvCIlIz2RhawHlkA==",
            "cpu": [
                "arm64"
            ],
            "license": "MIT",
            "optional": true,
            "os": [
                "linux"
            ]
        },
        "node_modules/@oxlint/linux-x64-gnu": {
            "version": "1.29.0",
            "resolved": "https://registry.npmjs.org/@oxlint/linux-x64-gnu/-/linux-x64-gnu-1.29.0.tgz",
            "integrity": "sha512-4x7p2iVoSE2aT9qI1JOLxUAv3UuzMYGBYWBA4ZF8ln99AdUo1eo0snFacPNd6I/ZZNcv5TegXC+0EUhp5MfYBw==",
            "cpu": [
                "x64"
            ],
            "license": "MIT",
            "optional": true,
            "os": [
                "linux"
            ]
        },
        "node_modules/@oxlint/linux-x64-musl": {
            "version": "1.29.0",
            "resolved": "https://registry.npmjs.org/@oxlint/linux-x64-musl/-/linux-x64-musl-1.29.0.tgz",
            "integrity": "sha512-BdH5gdRpaYpyZn2Zm+MCS4b1YmXNe7QyQhw0fawuou+N1LrdAyELgvqI5xXZ1MXCgWDOa6WJaoE6VOPaDc29GA==",
            "cpu": [
                "x64"
            ],
            "license": "MIT",
            "optional": true,
            "os": [
                "linux"
            ]
        },
        "node_modules/@oxlint/win32-arm64": {
            "version": "1.29.0",
            "resolved": "https://registry.npmjs.org/@oxlint/win32-arm64/-/win32-arm64-1.29.0.tgz",
            "integrity": "sha512-y+j9ZDrnMxvRTNIstZKFY7gJD07nT++c4cGmub1ENvhoHVToiQAAZQUOLDhXXRzCrFoG/cFJXJf72uowHZPbcg==",
            "cpu": [
                "arm64"
            ],
            "license": "MIT",
            "optional": true,
            "os": [
                "win32"
            ]
        },
        "node_modules/@oxlint/win32-x64": {
            "version": "1.29.0",
            "resolved": "https://registry.npmjs.org/@oxlint/win32-x64/-/win32-x64-1.29.0.tgz",
            "integrity": "sha512-F1iRtq8VT96lT8hqOubLyV0GxgIK/XdXk2kFLXdCspiI2ngXeNmTTvmPxrj+WFL6fpJPgv7VKWRb/zEHJnNOrg==",
            "cpu": [
                "x64"
            ],
            "license": "MIT",
            "optional": true,
            "os": [
                "win32"
            ]
        },
        "node_modules/@types/node": {
            "version": "24.10.0",
            "resolved": "https://registry.npmjs.org/@types/node/-/node-24.10.0.tgz",
            "integrity": "sha512-qzQZRBqkFsYyaSWXuEHc2WR9c0a0CXwiE5FWUvn7ZM+vdy1uZLfCunD38UzhuB7YN/J11ndbDBcTmOdxJo9Q7A==",
            "dev": true,
            "license": "MIT",
            "dependencies": {
                "undici-types": "~7.16.0"
            }
        },
        "node_modules/oxlint": {
            "version": "1.29.0",
            "resolved": "https://registry.npmjs.org/oxlint/-/oxlint-1.29.0.tgz",
            "integrity": "sha512-YqUVUhTYDqazV2qu3QSQn/H4Z1OP+fTnedgZWDk1/lDZxGfR0b1MqRVaEm3rRjBMLHP0zXlriIWUx+DD6UMaPA==",
            "license": "MIT",
            "bin": {
                "oxc_language_server": "bin/oxc_language_server",
                "oxlint": "bin/oxlint"
            },
            "engines": {
                "node": "^20.19.0 || >=22.12.0"
            },
            "funding": {
                "url": "https://github.com/sponsors/Boshen"
            },
            "optionalDependencies": {
                "@oxlint/darwin-arm64": "1.29.0",
                "@oxlint/darwin-x64": "1.29.0",
                "@oxlint/linux-arm64-gnu": "1.29.0",
                "@oxlint/linux-arm64-musl": "1.29.0",
                "@oxlint/linux-x64-gnu": "1.29.0",
                "@oxlint/linux-x64-musl": "1.29.0",
                "@oxlint/win32-arm64": "1.29.0",
                "@oxlint/win32-x64": "1.29.0"
            },
            "peerDependencies": {
                "oxlint-tsgolint": ">=0.7.1"
            },
            "peerDependenciesMeta": {
                "oxlint-tsgolint": {
                    "optional": true
                }
            }
        },
        "node_modules/oxlint-tsgolint": {
            "version": "0.5.0",
            "resolved": "https://registry.npmjs.org/oxlint-tsgolint/-/oxlint-tsgolint-0.5.0.tgz",
            "integrity": "sha512-uRiGb48QVSY2PqPCgAOoYySZM8OKSXTTSHFuF0HeW3tUhefdj/wyHWeZzFfbIU+dSDgMEkG9HVE/WBeT1nc+bA==",
            "license": "MIT",
            "bin": {
                "tsgolint": "bin/tsgolint.js"
            },
            "optionalDependencies": {
                "@oxlint-tsgolint/darwin-arm64": "0.5.0",
                "@oxlint-tsgolint/darwin-x64": "0.5.0",
                "@oxlint-tsgolint/linux-arm64": "0.5.0",
                "@oxlint-tsgolint/linux-x64": "0.5.0",
                "@oxlint-tsgolint/win32-arm64": "0.5.0",
                "@oxlint-tsgolint/win32-x64": "0.5.0"
            }
        },
        "node_modules/typescript": {
            "version": "5.9.3",
            "resolved": "https://registry.npmjs.org/typescript/-/typescript-5.9.3.tgz",
            "integrity": "sha512-jl1vZzPDinLr9eUt3J/t7V6FgNEw9QjvBPdysz9KfQDD41fQrC2Y4vKQdiaUpFT4bXlb1RHhLpp8wtm6M5TgSw==",
            "dev": true,
            "license": "Apache-2.0",
            "bin": {
                "tsc": "bin/tsc",
                "tsserver": "bin/tsserver"
            },
            "engines": {
                "node": ">=14.17"
            }
        },
        "node_modules/undici-types": {
            "version": "7.16.0",
            "resolved": "https://registry.npmjs.org/undici-types/-/undici-types-7.16.0.tgz",
            "integrity": "sha512-Zz+aZWSj8LE6zoxD+xrjh4VfkIG8Ya6LvYkZqtUQGJPZjYl53ypCaUwWqo7eI0x66KBGeRo+mlBEkMSeSZ38Nw==",
            "dev": true,
            "license": "MIT"
        }
    }
}
