{
    "name": "@kayahr/oxlint-config",
    "version": "1.13.1",
    "lockfileVersion": 3,
    "requires": true,
    "packages": {
        "": {
            "name": "@kayahr/oxlint-config",
            "version": "1.13.1",
            "license": "MIT",
            "dependencies": {
                "oxlint": "^1.30.0",
                "oxlint-tsgolint": "^0.10.0"
            },
            "devDependencies": {
                "@kayahr/cspell": "9.3.2-bundle.1",
                "@kayahr/npm-utils": "1.1.1",
                "@types/node": "24.10.1",
                "typescript": "5.9.3"
            },
            "funding": {
                "url": "https://github.com/kayahr/oxlint-config?sponsor=1"
            }
        },
        "node_modules/@kayahr/cspell": {
            "version": "9.3.2-bundle.1",
            "resolved": "https://registry.npmjs.org/@kayahr/cspell/-/cspell-9.3.2-bundle.1.tgz",
            "integrity": "sha512-+JeG1afeuSA0Jf8LTDJVM1fejfdfas6c8JCGSJl/9q4Mzavb/SL/4wj5nEtn5G7oR55S/lBzlgbSjpESxKbVmw==",
            "dev": true,
            "license": "MIT",
            "bin": {
                "cspell": "lib/cspell.js"
            },
            "funding": {
                "url": "https://github.com/kayahr/cspell?sponsor=1"
            }
        },
        "node_modules/@kayahr/npm-utils": {
            "version": "1.1.1",
            "resolved": "https://registry.npmjs.org/@kayahr/npm-utils/-/npm-utils-1.1.1.tgz",
            "integrity": "sha512-7cSe8zhgYsMcolrlmRGpAXO/FkpaIl6fEsdgXKt2OA1ozxByjdPSrjFDMsI3zOaPM0wWulYmlIKhFKVzlW0z4g==",
            "dev": true,
            "license": "MIT",
            "bin": {
                "cp": "lib/main/cp.js",
                "rm": "lib/main/rm.js",
                "run": "lib/main/run.js"
            },
            "engines": {
                "node": ">=22.18.0"
            },
            "funding": {
                "url": "https://github.com/kayahr/npm-utils?sponsor=1"
            }
        },
        "node_modules/@oxlint-tsgolint/darwin-arm64": {
            "version": "0.10.0",
            "resolved": "https://registry.npmjs.org/@oxlint-tsgolint/darwin-arm64/-/darwin-arm64-0.10.0.tgz",
            "integrity": "sha512-mhBF/pjey0UdLL1ocU46Fqta+uJuRfqrLfDpcViRg17BtDiUNd8JY9iN2FOoS2HGSCAgCUjZ0AZkwkHwFs/VTw==",
            "cpu": [
                "arm64"
            ],
            "license": "MIT",
            "optional": true,
            "os": [
                "darwin"
            ]
        },
        "node_modules/@oxlint-tsgolint/darwin-x64": {
            "version": "0.10.0",
            "resolved": "https://registry.npmjs.org/@oxlint-tsgolint/darwin-x64/-/darwin-x64-0.10.0.tgz",
            "integrity": "sha512-roLi34mw/i1z+NS7luboix55SXyhVv38dNUTcRDkk+0lNPzI9ngrM+1y1N2oBSUmz5o9OZGnfJJ7BSGCw/fFEQ==",
            "cpu": [
                "x64"
            ],
            "license": "MIT",
            "optional": true,
            "os": [
                "darwin"
            ]
        },
        "node_modules/@oxlint-tsgolint/linux-arm64": {
            "version": "0.10.0",
            "resolved": "https://registry.npmjs.org/@oxlint-tsgolint/linux-arm64/-/linux-arm64-0.10.0.tgz",
            "integrity": "sha512-HL9NThPH1V2F6l9XhwNmhQZUknN4m4yQYEvQFFGfZTYN6cvEEBIiqfF4KvBUg8c0xadMbQlW+Ug7/ybA9Nn+CA==",
            "cpu": [
                "arm64"
            ],
            "license": "MIT",
            "optional": true,
            "os": [
                "linux"
            ]
        },
        "node_modules/@oxlint-tsgolint/linux-x64": {
            "version": "0.10.0",
            "resolved": "https://registry.npmjs.org/@oxlint-tsgolint/linux-x64/-/linux-x64-0.10.0.tgz",
            "integrity": "sha512-Tw8QNq8ab+4+qE5krvJyMA66v6XE3GoiISRD5WmJ7YOxUnu//jSw/bBm7OYf/TNEZyeV0BTR7zXzhT5R+VFWlQ==",
            "cpu": [
                "x64"
            ],
            "license": "MIT",
            "optional": true,
            "os": [
                "linux"
            ]
        },
        "node_modules/@oxlint-tsgolint/win32-arm64": {
            "version": "0.10.0",
            "resolved": "https://registry.npmjs.org/@oxlint-tsgolint/win32-arm64/-/win32-arm64-0.10.0.tgz",
            "integrity": "sha512-LTogmTRwpwQqVaH1Ama8Wd5/VVZWBSF8v5qTbeT628+1F5Kt1V5eHBvyFh4oN18UCZlgqrh7DqkDhsieXUaC8Q==",
            "cpu": [
                "arm64"
            ],
            "license": "MIT",
            "optional": true,
            "os": [
                "win32"
            ]
        },
        "node_modules/@oxlint-tsgolint/win32-x64": {
            "version": "0.10.0",
            "resolved": "https://registry.npmjs.org/@oxlint-tsgolint/win32-x64/-/win32-x64-0.10.0.tgz",
            "integrity": "sha512-ygqxx8EmNWy9/wCQS5uXq9k/o2EyYNwNxY1ZHNzlmZC/kV06Aemx5OBDafefawBNqH7xTZPfccUrjdiy+QlTrw==",
            "cpu": [
                "x64"
            ],
            "license": "MIT",
            "optional": true,
            "os": [
                "win32"
            ]
        },
        "node_modules/@oxlint/darwin-arm64": {
            "version": "1.30.0",
            "resolved": "https://registry.npmjs.org/@oxlint/darwin-arm64/-/darwin-arm64-1.30.0.tgz",
            "integrity": "sha512-vIiTk1FBObXHvaG3WK/SpwCZP06fuHhSrn8mK2hEs2uSFWG63WgvLAHSGhI4U1X29JGf36zhfUzuKirDIVdKBQ==",
            "cpu": [
                "arm64"
            ],
            "license": "MIT",
            "optional": true,
            "os": [
                "darwin"
            ]
        },
        "node_modules/@oxlint/darwin-x64": {
            "version": "1.30.0",
            "resolved": "https://registry.npmjs.org/@oxlint/darwin-x64/-/darwin-x64-1.30.0.tgz",
            "integrity": "sha512-DP4ueul8Vza52gJX1/+jyXQjUsgjmPe4Pq5uYOVa8k2V8cKRb2JzBls+DugbeP7yzKNTmlSp3J2mUnHQXuntLA==",
            "cpu": [
                "x64"
            ],
            "license": "MIT",
            "optional": true,
            "os": [
                "darwin"
            ]
        },
        "node_modules/@oxlint/linux-arm64-gnu": {
            "version": "1.30.0",
            "resolved": "https://registry.npmjs.org/@oxlint/linux-arm64-gnu/-/linux-arm64-gnu-1.30.0.tgz",
            "integrity": "sha512-1e9NvTvjzG6t1tnUzNU9HZTVwNwhZw2BDQxwIsXV743g54BIkvyZNNXOEGic/Jw4IuIXHzpX3ztVWZaSzvDopg==",
            "cpu": [
                "arm64"
            ],
            "license": "MIT",
            "optional": true,
            "os": [
                "linux"
            ]
        },
        "node_modules/@oxlint/linux-arm64-musl": {
            "version": "1.30.0",
            "resolved": "https://registry.npmjs.org/@oxlint/linux-arm64-musl/-/linux-arm64-musl-1.30.0.tgz",
            "integrity": "sha512-szb5RB8Tbk756/z/GAdmUn+H1E2815BbcM7s6JZYQgyCJxR0RCL1yFXgKyz3BjIDqzR98Tw8H3g4TeJbN2etAg==",
            "cpu": [
                "arm64"
            ],
            "license": "MIT",
            "optional": true,
            "os": [
                "linux"
            ]
        },
        "node_modules/@oxlint/linux-x64-gnu": {
            "version": "1.30.0",
            "resolved": "https://registry.npmjs.org/@oxlint/linux-x64-gnu/-/linux-x64-gnu-1.30.0.tgz",
            "integrity": "sha512-yOWGu4a82yA8xLusaznW41IF5ZkvBNz/U++M2/tCYAQUoJKSfJuAS5AhApRMKZLKeX0Vmdagh0YwvC+e98QG0w==",
            "cpu": [
                "x64"
            ],
            "license": "MIT",
            "optional": true,
            "os": [
                "linux"
            ]
        },
        "node_modules/@oxlint/linux-x64-musl": {
            "version": "1.30.0",
            "resolved": "https://registry.npmjs.org/@oxlint/linux-x64-musl/-/linux-x64-musl-1.30.0.tgz",
            "integrity": "sha512-qL1902VF4EMTZTZdJEIzzUQ+UD0IbH+IW6dhYZXbP9nTXJnItW1fk4cyJq5zfUVu1IoVwKK2FP1jUMqEsBlWTw==",
            "cpu": [
                "x64"
            ],
            "license": "MIT",
            "optional": true,
            "os": [
                "linux"
            ]
        },
        "node_modules/@oxlint/win32-arm64": {
            "version": "1.30.0",
            "resolved": "https://registry.npmjs.org/@oxlint/win32-arm64/-/win32-arm64-1.30.0.tgz",
            "integrity": "sha512-QK6C1djHKI7g1l5g6W9vkz9sd+sn1QJe6PbaV2sWFjVVoT0tO6LWygVWaci09ZHYVJ+lnCbbaFEgZ9jQhIs05A==",
            "cpu": [
                "arm64"
            ],
            "license": "MIT",
            "optional": true,
            "os": [
                "win32"
            ]
        },
        "node_modules/@oxlint/win32-x64": {
            "version": "1.30.0",
            "resolved": "https://registry.npmjs.org/@oxlint/win32-x64/-/win32-x64-1.30.0.tgz",
            "integrity": "sha512-tbPnJIBUKke9KpceV+DpGyfN3LdhGaEPJHSuD4/mUEwP9Kk6IKSoDNih681RVGhgvaEZg3uHmQr6n9Uh0P3Yrg==",
            "cpu": [
                "x64"
            ],
            "license": "MIT",
            "optional": true,
            "os": [
                "win32"
            ]
        },
        "node_modules/@types/node": {
            "version": "24.10.1",
            "resolved": "https://registry.npmjs.org/@types/node/-/node-24.10.1.tgz",
            "integrity": "sha512-GNWcUTRBgIRJD5zj+Tq0fKOJ5XZajIiBroOF0yvj2bSU1WvNdYS/dn9UxwsujGW4JX06dnHyjV2y9rRaybH0iQ==",
            "dev": true,
            "license": "MIT",
            "dependencies": {
                "undici-types": "~7.16.0"
            }
        },
        "node_modules/oxlint": {
            "version": "1.30.0",
            "resolved": "https://registry.npmjs.org/oxlint/-/oxlint-1.30.0.tgz",
            "integrity": "sha512-6Mcpj7Gn26QNRUpue9kRZKQg623mH10kLPl597sNCOfXeUZHTglrc2O54eskHMRA+tR7c0u73nW4GPwSFePLkA==",
            "license": "MIT",
            "bin": {
                "oxc_language_server": "bin/oxc_language_server",
                "oxlint": "bin/oxlint"
            },
            "engines": {
                "node": "^20.19.0 || >=22.12.0"
            },
            "funding": {
                "url": "https://github.com/sponsors/Boshen"
            },
            "optionalDependencies": {
                "@oxlint/darwin-arm64": "1.30.0",
                "@oxlint/darwin-x64": "1.30.0",
                "@oxlint/linux-arm64-gnu": "1.30.0",
                "@oxlint/linux-arm64-musl": "1.30.0",
                "@oxlint/linux-x64-gnu": "1.30.0",
                "@oxlint/linux-x64-musl": "1.30.0",
                "@oxlint/win32-arm64": "1.30.0",
                "@oxlint/win32-x64": "1.30.0"
            },
            "peerDependencies": {
                "oxlint-tsgolint": ">=0.8.1"
            },
            "peerDependenciesMeta": {
                "oxlint-tsgolint": {
                    "optional": true
                }
            }
        },
        "node_modules/oxlint-tsgolint": {
            "version": "0.10.0",
            "resolved": "https://registry.npmjs.org/oxlint-tsgolint/-/oxlint-tsgolint-0.10.0.tgz",
            "integrity": "sha512-LDDSIu5J/4D4gFUuQQIEQpAC6maNEbMg4nC8JL/+Pe0cUDR86dtVZ09E2x5MwCh8f9yfktoaxt5x6UIVyzrajg==",
            "license": "MIT",
            "peer": true,
            "bin": {
                "tsgolint": "bin/tsgolint.js"
            },
            "optionalDependencies": {
                "@oxlint-tsgolint/darwin-arm64": "0.10.0",
                "@oxlint-tsgolint/darwin-x64": "0.10.0",
                "@oxlint-tsgolint/linux-arm64": "0.10.0",
                "@oxlint-tsgolint/linux-x64": "0.10.0",
                "@oxlint-tsgolint/win32-arm64": "0.10.0",
                "@oxlint-tsgolint/win32-x64": "0.10.0"
            }
        },
        "node_modules/typescript": {
            "version": "5.9.3",
            "resolved": "https://registry.npmjs.org/typescript/-/typescript-5.9.3.tgz",
            "integrity": "sha512-jl1vZzPDinLr9eUt3J/t7V6FgNEw9QjvBPdysz9KfQDD41fQrC2Y4vKQdiaUpFT4bXlb1RHhLpp8wtm6M5TgSw==",
            "dev": true,
            "license": "Apache-2.0",
            "bin": {
                "tsc": "bin/tsc",
                "tsserver": "bin/tsserver"
            },
            "engines": {
                "node": ">=14.17"
            }
        },
        "node_modules/undici-types": {
            "version": "7.16.0",
            "resolved": "https://registry.npmjs.org/undici-types/-/undici-types-7.16.0.tgz",
            "integrity": "sha512-Zz+aZWSj8LE6zoxD+xrjh4VfkIG8Ya6LvYkZqtUQGJPZjYl53ypCaUwWqo7eI0x66KBGeRo+mlBEkMSeSZ38Nw==",
            "dev": true,
            "license": "MIT"
        }
    }
}
